// !$*UTF8*$!
{
	archiveVersion = 1;
	classes = {
	};
	objectVersion = 56;
	objects = {

/* Begin PBXBuildFile section */
		70102BC8293164D400E8E99B /* PassNetworkApp.swift in Sources */ = {isa = PBXBuildFile; fileRef = 70102BC7293164D400E8E99B /* PassNetworkApp.swift */; };
		70102BCA293164D400E8E99B /* ContentView.swift in Sources */ = {isa = PBXBuildFile; fileRef = 70102BC9293164D400E8E99B /* ContentView.swift */; };
		70102BCC293164D600E8E99B /* Assets.xcassets in Resources */ = {isa = PBXBuildFile; fileRef = 70102BCB293164D600E8E99B /* Assets.xcassets */; };
		70102BCF293164D600E8E99B /* Preview Assets.xcassets in Resources */ = {isa = PBXBuildFile; fileRef = 70102BCE293164D600E8E99B /* Preview Assets.xcassets */; };
		70102BD1293164D600E8E99B /* Persistence.swift in Sources */ = {isa = PBXBuildFile; fileRef = 70102BD0293164D600E8E99B /* Persistence.swift */; };
		70102BD4293164D600E8E99B /* PassNetwork.xcdatamodeld in Sources */ = {isa = PBXBuildFile; fileRef = 70102BD2293164D600E8E99B /* PassNetwork.xcdatamodeld */; };
		70102BDE293164D600E8E99B /* PassNetworkTests.swift in Sources */ = {isa = PBXBuildFile; fileRef = 70102BDD293164D600E8E99B /* PassNetworkTests.swift */; };
		70102BE8293164D600E8E99B /* PassNetworkUITests.swift in Sources */ = {isa = PBXBuildFile; fileRef = 70102BE7293164D600E8E99B /* PassNetworkUITests.swift */; };
		70102BEA293164D600E8E99B /* PassNetworkUITestsLaunchTests.swift in Sources */ = {isa = PBXBuildFile; fileRef = 70102BE9293164D600E8E99B /* PassNetworkUITestsLaunchTests.swift */; };
		70A881BB2932886000531C05 /* NetworkPlugins in Frameworks */ = {isa = PBXBuildFile; productRef = 70A881BA2932886000531C05 /* NetworkPlugins */; };
		70B18DE329353085006349CD /* MainRepository.swift in Sources */ = {isa = PBXBuildFile; fileRef = 70B18DE229353085006349CD /* MainRepository.swift */; };
		70B18DE62935347D006349CD /* PublicAPI.swift in Sources */ = {isa = PBXBuildFile; fileRef = 70B18DE52935347D006349CD /* PublicAPI.swift */; };
		70B18DE92935ED32006349CD /* SingleRequestEngine.swift in Sources */ = {isa = PBXBuildFile; fileRef = 70B18DE82935ED32006349CD /* SingleRequestEngine.swift */; };
		70F49A4029393ED100BE608D /* AppState.swift in Sources */ = {isa = PBXBuildFile; fileRef = 70F49A3F29393ED100BE608D /* AppState.swift */; };
		70F49A422939402300BE608D /* EnPoint.swift in Sources */ = {isa = PBXBuildFile; fileRef = 70F49A412939402300BE608D /* EnPoint.swift */; };
		70F49A442939412500BE608D /* Response.swift in Sources */ = {isa = PBXBuildFile; fileRef = 70F49A432939412500BE608D /* Response.swift */; };
		70F49A46293942A400BE608D /* AppAction.swift in Sources */ = {isa = PBXBuildFile; fileRef = 70F49A45293942A400BE608D /* AppAction.swift */; };
		70F49A482939430B00BE608D /* AppReducer.swift in Sources */ = {isa = PBXBuildFile; fileRef = 70F49A472939430B00BE608D /* AppReducer.swift */; };
		70F49A4B293943F200BE608D /* ComposableArchitecture in Frameworks */ = {isa = PBXBuildFile; productRef = 70F49A4A293943F200BE608D /* ComposableArchitecture */; };
		70F49A4D293943F600BE608D /* Dependencies in Frameworks */ = {isa = PBXBuildFile; productRef = 70F49A4C293943F600BE608D /* Dependencies */; };
		70F49A4F293966E600BE608D /* Collections.swift in Sources */ = {isa = PBXBuildFile; fileRef = 70F49A4E293966E500BE608D /* Collections.swift */; };
/* End PBXBuildFile section */

/* Begin PBXContainerItemProxy section */
		70102BDA293164D600E8E99B /* PBXContainerItemProxy */ = {
			isa = PBXContainerItemProxy;
			containerPortal = 70102BBC293164D400E8E99B /* Project object */;
			proxyType = 1;
			remoteGlobalIDString = 70102BC3293164D400E8E99B;
			remoteInfo = PassNetwork;
		};
		70102BE4293164D600E8E99B /* PBXContainerItemProxy */ = {
			isa = PBXContainerItemProxy;
			containerPortal = 70102BBC293164D400E8E99B /* Project object */;
			proxyType = 1;
			remoteGlobalIDString = 70102BC3293164D400E8E99B;
			remoteInfo = PassNetwork;
		};
/* End PBXContainerItemProxy section */

/* Begin PBXFileReference section */
		70102BC4293164D400E8E99B /* PassNetwork.app */ = {isa = PBXFileReference; explicitFileType = wrapper.application; includeInIndex = 0; path = PassNetwork.app; sourceTree = BUILT_PRODUCTS_DIR; };
		70102BC7293164D400E8E99B /* PassNetworkApp.swift */ = {isa = PBXFileReference; lastKnownFileType = sourcecode.swift; path = PassNetworkApp.swift; sourceTree = "<group>"; };
		70102BC9293164D400E8E99B /* ContentView.swift */ = {isa = PBXFileReference; lastKnownFileType = sourcecode.swift; path = ContentView.swift; sourceTree = "<group>"; };
		70102BCB293164D600E8E99B /* Assets.xcassets */ = {isa = PBXFileReference; lastKnownFileType = folder.assetcatalog; path = Assets.xcassets; sourceTree = "<group>"; };
		70102BCE293164D600E8E99B /* Preview Assets.xcassets */ = {isa = PBXFileReference; lastKnownFileType = folder.assetcatalog; path = "Preview Assets.xcassets"; sourceTree = "<group>"; };
		70102BD0293164D600E8E99B /* Persistence.swift */ = {isa = PBXFileReference; lastKnownFileType = sourcecode.swift; path = Persistence.swift; sourceTree = "<group>"; };
		70102BD3293164D600E8E99B /* PassNetwork.xcdatamodel */ = {isa = PBXFileReference; lastKnownFileType = wrapper.xcdatamodel; path = PassNetwork.xcdatamodel; sourceTree = "<group>"; };
		70102BD9293164D600E8E99B /* PassNetworkTests.xctest */ = {isa = PBXFileReference; explicitFileType = wrapper.cfbundle; includeInIndex = 0; path = PassNetworkTests.xctest; sourceTree = BUILT_PRODUCTS_DIR; };
		70102BDD293164D600E8E99B /* PassNetworkTests.swift */ = {isa = PBXFileReference; lastKnownFileType = sourcecode.swift; path = PassNetworkTests.swift; sourceTree = "<group>"; };
		70102BE3293164D600E8E99B /* PassNetworkUITests.xctest */ = {isa = PBXFileReference; explicitFileType = wrapper.cfbundle; includeInIndex = 0; path = PassNetworkUITests.xctest; sourceTree = BUILT_PRODUCTS_DIR; };
		70102BE7293164D600E8E99B /* PassNetworkUITests.swift */ = {isa = PBXFileReference; lastKnownFileType = sourcecode.swift; path = PassNetworkUITests.swift; sourceTree = "<group>"; };
		70102BE9293164D600E8E99B /* PassNetworkUITestsLaunchTests.swift */ = {isa = PBXFileReference; lastKnownFileType = sourcecode.swift; path = PassNetworkUITestsLaunchTests.swift; sourceTree = "<group>"; };
		70B18DE229353085006349CD /* MainRepository.swift */ = {isa = PBXFileReference; lastKnownFileType = sourcecode.swift; path = MainRepository.swift; sourceTree = "<group>"; };
		70B18DE52935347D006349CD /* PublicAPI.swift */ = {isa = PBXFileReference; lastKnownFileType = sourcecode.swift; path = PublicAPI.swift; sourceTree = "<group>"; };
		70B18DE82935ED32006349CD /* SingleRequestEngine.swift */ = {isa = PBXFileReference; lastKnownFileType = sourcecode.swift; path = SingleRequestEngine.swift; sourceTree = "<group>"; };
		70F49A3F29393ED100BE608D /* AppState.swift */ = {isa = PBXFileReference; lastKnownFileType = sourcecode.swift; path = AppState.swift; sourceTree = "<group>"; };
		70F49A412939402300BE608D /* EnPoint.swift */ = {isa = PBXFileReference; lastKnownFileType = sourcecode.swift; path = EnPoint.swift; sourceTree = "<group>"; };
		70F49A432939412500BE608D /* Response.swift */ = {isa = PBXFileReference; lastKnownFileType = sourcecode.swift; path = Response.swift; sourceTree = "<group>"; };
		70F49A45293942A400BE608D /* AppAction.swift */ = {isa = PBXFileReference; lastKnownFileType = sourcecode.swift; path = AppAction.swift; sourceTree = "<group>"; };
		70F49A472939430B00BE608D /* AppReducer.swift */ = {isa = PBXFileReference; lastKnownFileType = sourcecode.swift; path = AppReducer.swift; sourceTree = "<group>"; };
		70F49A4E293966E500BE608D /* Collections.swift */ = {isa = PBXFileReference; lastKnownFileType = sourcecode.swift; path = Collections.swift; sourceTree = "<group>"; };
/* End PBXFileReference section */

/* Begin PBXFrameworksBuildPhase section */
		70102BC1293164D400E8E99B /* Frameworks */ = {
			isa = PBXFrameworksBuildPhase;
			buildActionMask = 2147483647;
			files = (
				70F49A4D293943F600BE608D /* Dependencies in Frameworks */,
				70F49A4B293943F200BE608D /* ComposableArchitecture in Frameworks */,
				70A881BB2932886000531C05 /* NetworkPlugins in Frameworks */,
			);
			runOnlyForDeploymentPostprocessing = 0;
		};
		70102BD6293164D600E8E99B /* Frameworks */ = {
			isa = PBXFrameworksBuildPhase;
			buildActionMask = 2147483647;
			files = (
			);
			runOnlyForDeploymentPostprocessing = 0;
		};
		70102BE0293164D600E8E99B /* Frameworks */ = {
			isa = PBXFrameworksBuildPhase;
			buildActionMask = 2147483647;
			files = (
			);
			runOnlyForDeploymentPostprocessing = 0;
		};
/* End PBXFrameworksBuildPhase section */

/* Begin PBXGroup section */
		70102BBB293164D400E8E99B = {
			isa = PBXGroup;
			children = (
				70102BC6293164D400E8E99B /* PassNetwork */,
				70102BDC293164D600E8E99B /* PassNetworkTests */,
				70102BE6293164D600E8E99B /* PassNetworkUITests */,
				70102BC5293164D400E8E99B /* Products */,
				70F49A49293943F200BE608D /* Frameworks */,
			);
			sourceTree = "<group>";
		};
		70102BC5293164D400E8E99B /* Products */ = {
			isa = PBXGroup;
			children = (
				70102BC4293164D400E8E99B /* PassNetwork.app */,
				70102BD9293164D600E8E99B /* PassNetworkTests.xctest */,
				70102BE3293164D600E8E99B /* PassNetworkUITests.xctest */,
			);
			name = Products;
			sourceTree = "<group>";
		};
		70102BC6293164D400E8E99B /* PassNetwork */ = {
			isa = PBXGroup;
			children = (
				70102BCB293164D600E8E99B /* Assets.xcassets */,
				70102BD0293164D600E8E99B /* Persistence.swift */,
				70102BD2293164D600E8E99B /* PassNetwork.xcdatamodeld */,
				70102BCD293164D600E8E99B /* Preview Content */,
				70F49A3E293938F200BE608D /* Application */,
				70B18DE429353441006349CD /* API */,
				701FA8B2293607C500EB708A /* Model */,
			);
			path = PassNetwork;
			sourceTree = "<group>";
		};
		70102BCD293164D600E8E99B /* Preview Content */ = {
			isa = PBXGroup;
			children = (
				70102BCE293164D600E8E99B /* Preview Assets.xcassets */,
			);
			path = "Preview Content";
			sourceTree = "<group>";
		};
		70102BDC293164D600E8E99B /* PassNetworkTests */ = {
			isa = PBXGroup;
			children = (
				70102BDD293164D600E8E99B /* PassNetworkTests.swift */,
			);
			path = PassNetworkTests;
			sourceTree = "<group>";
		};
		70102BE6293164D600E8E99B /* PassNetworkUITests */ = {
			isa = PBXGroup;
			children = (
				70102BE7293164D600E8E99B /* PassNetworkUITests.swift */,
				70102BE9293164D600E8E99B /* PassNetworkUITestsLaunchTests.swift */,
			);
			path = PassNetworkUITests;
			sourceTree = "<group>";
		};
		701FA8B2293607C500EB708A /* Model */ = {
			isa = PBXGroup;
			children = (
				70F49A412939402300BE608D /* EnPoint.swift */,
				70F49A432939412500BE608D /* Response.swift */,
				70F49A4E293966E500BE608D /* Collections.swift */,
			);
			path = Model;
			sourceTree = "<group>";
		};
		70B18DE429353441006349CD /* API */ = {
			isa = PBXGroup;
			children = (
				70B18DE82935ED32006349CD /* SingleRequestEngine.swift */,
				70B18DE52935347D006349CD /* PublicAPI.swift */,
				70B18DE229353085006349CD /* MainRepository.swift */,
			);
			path = API;
			sourceTree = "<group>";
		};
		70F49A3E293938F200BE608D /* Application */ = {
			isa = PBXGroup;
			children = (
				70102BC7293164D400E8E99B /* PassNetworkApp.swift */,
				70102BC9293164D400E8E99B /* ContentView.swift */,
				70F49A3F29393ED100BE608D /* AppState.swift */,
				70F49A45293942A400BE608D /* AppAction.swift */,
				70F49A472939430B00BE608D /* AppReducer.swift */,
			);
			path = Application;
			sourceTree = "<group>";
		};
		70F49A49293943F200BE608D /* Frameworks */ = {
			isa = PBXGroup;
			children = (
			);
			name = Frameworks;
			sourceTree = "<group>";
		};
/* End PBXGroup section */

/* Begin PBXNativeTarget section */
		70102BC3293164D400E8E99B /* PassNetwork */ = {
			isa = PBXNativeTarget;
			buildConfigurationList = 70102BED293164D600E8E99B /* Build configuration list for PBXNativeTarget "PassNetwork" */;
			buildPhases = (
				70102BC0293164D400E8E99B /* Sources */,
				70102BC1293164D400E8E99B /* Frameworks */,
				70102BC2293164D400E8E99B /* Resources */,
			);
			buildRules = (
			);
			dependencies = (
			);
			name = PassNetwork;
			packageProductDependencies = (
				70A881BA2932886000531C05 /* NetworkPlugins */,
				70F49A4A293943F200BE608D /* ComposableArchitecture */,
				70F49A4C293943F600BE608D /* Dependencies */,
			);
			productName = PassNetwork;
			productReference = 70102BC4293164D400E8E99B /* PassNetwork.app */;
			productType = "com.apple.product-type.application";
		};
		70102BD8293164D600E8E99B /* PassNetworkTests */ = {
			isa = PBXNativeTarget;
			buildConfigurationList = 70102BF0293164D600E8E99B /* Build configuration list for PBXNativeTarget "PassNetworkTests" */;
			buildPhases = (
				70102BD5293164D600E8E99B /* Sources */,
				70102BD6293164D600E8E99B /* Frameworks */,
				70102BD7293164D600E8E99B /* Resources */,
			);
			buildRules = (
			);
			dependencies = (
				70102BDB293164D600E8E99B /* PBXTargetDependency */,
			);
			name = PassNetworkTests;
			productName = PassNetworkTests;
			productReference = 70102BD9293164D600E8E99B /* PassNetworkTests.xctest */;
			productType = "com.apple.product-type.bundle.unit-test";
		};
		70102BE2293164D600E8E99B /* PassNetworkUITests */ = {
			isa = PBXNativeTarget;
			buildConfigurationList = 70102BF3293164D600E8E99B /* Build configuration list for PBXNativeTarget "PassNetworkUITests" */;
			buildPhases = (
				70102BDF293164D600E8E99B /* Sources */,
				70102BE0293164D600E8E99B /* Frameworks */,
				70102BE1293164D600E8E99B /* Resources */,
			);
			buildRules = (
			);
			dependencies = (
				70102BE5293164D600E8E99B /* PBXTargetDependency */,
			);
			name = PassNetworkUITests;
			productName = PassNetworkUITests;
			productReference = 70102BE3293164D600E8E99B /* PassNetworkUITests.xctest */;
			productType = "com.apple.product-type.bundle.ui-testing";
		};
/* End PBXNativeTarget section */

/* Begin PBXProject section */
		70102BBC293164D400E8E99B /* Project object */ = {
			isa = PBXProject;
			attributes = {
				BuildIndependentTargetsInParallel = 1;
				LastSwiftUpdateCheck = 1400;
				LastUpgradeCheck = 1400;
				TargetAttributes = {
					70102BC3293164D400E8E99B = {
						CreatedOnToolsVersion = 14.0.1;
					};
					70102BD8293164D600E8E99B = {
						CreatedOnToolsVersion = 14.0.1;
						TestTargetID = 70102BC3293164D400E8E99B;
					};
					70102BE2293164D600E8E99B = {
						CreatedOnToolsVersion = 14.0.1;
						TestTargetID = 70102BC3293164D400E8E99B;
					};
				};
			};
			buildConfigurationList = 70102BBF293164D400E8E99B /* Build configuration list for PBXProject "PassNetwork" */;
			compatibilityVersion = "Xcode 14.0";
			developmentRegion = en;
			hasScannedForEncodings = 0;
			knownRegions = (
				en,
				Base,
			);
			mainGroup = 70102BBB293164D400E8E99B;
			packageReferences = (
				70A881B92932886000531C05 /* XCRemoteSwiftPackageReference "NetworkPlugins" */,
				70F49A3D2939388000BE608D /* XCRemoteSwiftPackageReference "swift-composable-architecture" */,
			);
			productRefGroup = 70102BC5293164D400E8E99B /* Products */;
			projectDirPath = "";
			projectRoot = "";
			targets = (
				70102BC3293164D400E8E99B /* PassNetwork */,
				70102BD8293164D600E8E99B /* PassNetworkTests */,
				70102BE2293164D600E8E99B /* PassNetworkUITests */,
			);
		};
/* End PBXProject section */

/* Begin PBXResourcesBuildPhase section */
		70102BC2293164D400E8E99B /* Resources */ = {
			isa = PBXResourcesBuildPhase;
			buildActionMask = 2147483647;
			files = (
				70102BCF293164D600E8E99B /* Preview Assets.xcassets in Resources */,
				70102BCC293164D600E8E99B /* Assets.xcassets in Resources */,
			);
			runOnlyForDeploymentPostprocessing = 0;
		};
		70102BD7293164D600E8E99B /* Resources */ = {
			isa = PBXResourcesBuildPhase;
			buildActionMask = 2147483647;
			files = (
			);
			runOnlyForDeploymentPostprocessing = 0;
		};
		70102BE1293164D600E8E99B /* Resources */ = {
			isa = PBXResourcesBuildPhase;
			buildActionMask = 2147483647;
			files = (
			);
			runOnlyForDeploymentPostprocessing = 0;
		};
/* End PBXResourcesBuildPhase section */

/* Begin PBXSourcesBuildPhase section */
		70102BC0293164D400E8E99B /* Sources */ = {
			isa = PBXSourcesBuildPhase;
			buildActionMask = 2147483647;
			files = (
				70102BD1293164D600E8E99B /* Persistence.swift in Sources */,
				70102BD4293164D600E8E99B /* PassNetwork.xcdatamodeld in Sources */,
				70B18DE329353085006349CD /* MainRepository.swift in Sources */,
				70102BCA293164D400E8E99B /* ContentView.swift in Sources */,
				70F49A4F293966E600BE608D /* Collections.swift in Sources */,
				70B18DE92935ED32006349CD /* SingleRequestEngine.swift in Sources */,
				70F49A442939412500BE608D /* Response.swift in Sources */,
				70B18DE62935347D006349CD /* PublicAPI.swift in Sources */,
				70F49A4029393ED100BE608D /* AppState.swift in Sources */,
				70102BC8293164D400E8E99B /* PassNetworkApp.swift in Sources */,
				70F49A482939430B00BE608D /* AppReducer.swift in Sources */,
				70F49A422939402300BE608D /* EnPoint.swift in Sources */,
				70F49A46293942A400BE608D /* AppAction.swift in Sources */,
			);
			runOnlyForDeploymentPostprocessing = 0;
		};
		70102BD5293164D600E8E99B /* Sources */ = {
			isa = PBXSourcesBuildPhase;
			buildActionMask = 2147483647;
			files = (
				70102BDE293164D600E8E99B /* PassNetworkTests.swift in Sources */,
			);
			runOnlyForDeploymentPostprocessing = 0;
		};
		70102BDF293164D600E8E99B /* Sources */ = {
			isa = PBXSourcesBuildPhase;
			buildActionMask = 2147483647;
			files = (
				70102BEA293164D600E8E99B /* PassNetworkUITestsLaunchTests.swift in Sources */,
				70102BE8293164D600E8E99B /* PassNetworkUITests.swift in Sources */,
			);
			runOnlyForDeploymentPostprocessing = 0;
		};
/* End PBXSourcesBuildPhase section */

/* Begin PBXTargetDependency section */
		70102BDB293164D600E8E99B /* PBXTargetDependency */ = {
			isa = PBXTargetDependency;
			target = 70102BC3293164D400E8E99B /* PassNetwork */;
			targetProxy = 70102BDA293164D600E8E99B /* PBXContainerItemProxy */;
		};
		70102BE5293164D600E8E99B /* PBXTargetDependency */ = {
			isa = PBXTargetDependency;
			target = 70102BC3293164D400E8E99B /* PassNetwork */;
			targetProxy = 70102BE4293164D600E8E99B /* PBXContainerItemProxy */;
		};
/* End PBXTargetDependency section */

/* Begin XCBuildConfiguration section */
		70102BEB293164D600E8E99B /* Debug */ = {
			isa = XCBuildConfiguration;
			buildSettings = {
				ALWAYS_SEARCH_USER_PATHS = NO;
				CLANG_ANALYZER_NONNULL = YES;
				CLANG_ANALYZER_NUMBER_OBJECT_CONVERSION = YES_AGGRESSIVE;
				CLANG_CXX_LANGUAGE_STANDARD = "gnu++20";
				CLANG_ENABLE_MODULES = YES;
				CLANG_ENABLE_OBJC_ARC = YES;
				CLANG_ENABLE_OBJC_WEAK = YES;
				CLANG_WARN_BLOCK_CAPTURE_AUTORELEASING = YES;
				CLANG_WARN_BOOL_CONVERSION = YES;
				CLANG_WARN_COMMA = YES;
				CLANG_WARN_CONSTANT_CONVERSION = YES;
				CLANG_WARN_DEPRECATED_OBJC_IMPLEMENTATIONS = YES;
				CLANG_WARN_DIRECT_OBJC_ISA_USAGE = YES_ERROR;
				CLANG_WARN_DOCUMENTATION_COMMENTS = YES;
				CLANG_WARN_EMPTY_BODY = YES;
				CLANG_WARN_ENUM_CONVERSION = YES;
				CLANG_WARN_INFINITE_RECURSION = YES;
				CLANG_WARN_INT_CONVERSION = YES;
				CLANG_WARN_NON_LITERAL_NULL_CONVERSION = YES;
				CLANG_WARN_OBJC_IMPLICIT_RETAIN_SELF = YES;
				CLANG_WARN_OBJC_LITERAL_CONVERSION = YES;
				CLANG_WARN_OBJC_ROOT_CLASS = YES_ERROR;
				CLANG_WARN_QUOTED_INCLUDE_IN_FRAMEWORK_HEADER = YES;
				CLANG_WARN_RANGE_LOOP_ANALYSIS = YES;
				CLANG_WARN_STRICT_PROTOTYPES = YES;
				CLANG_WARN_SUSPICIOUS_MOVE = YES;
				CLANG_WARN_UNGUARDED_AVAILABILITY = YES_AGGRESSIVE;
				CLANG_WARN_UNREACHABLE_CODE = YES;
				CLANG_WARN__DUPLICATE_METHOD_MATCH = YES;
				COPY_PHASE_STRIP = NO;
				DEBUG_INFORMATION_FORMAT = dwarf;
				ENABLE_STRICT_OBJC_MSGSEND = YES;
				ENABLE_TESTABILITY = YES;
				GCC_C_LANGUAGE_STANDARD = gnu11;
				GCC_DYNAMIC_NO_PIC = NO;
				GCC_NO_COMMON_BLOCKS = YES;
				GCC_OPTIMIZATION_LEVEL = 0;
				GCC_PREPROCESSOR_DEFINITIONS = (
					"DEBUG=1",
					"$(inherited)",
				);
				GCC_WARN_64_TO_32_BIT_CONVERSION = YES;
				GCC_WARN_ABOUT_RETURN_TYPE = YES_ERROR;
				GCC_WARN_UNDECLARED_SELECTOR = YES;
				GCC_WARN_UNINITIALIZED_AUTOS = YES_AGGRESSIVE;
				GCC_WARN_UNUSED_FUNCTION = YES;
				GCC_WARN_UNUSED_VARIABLE = YES;
				IPHONEOS_DEPLOYMENT_TARGET = 16.0;
				MTL_ENABLE_DEBUG_INFO = INCLUDE_SOURCE;
				MTL_FAST_MATH = YES;
				ONLY_ACTIVE_ARCH = YES;
				SDKROOT = iphoneos;
				SWIFT_ACTIVE_COMPILATION_CONDITIONS = DEBUG;
				SWIFT_OPTIMIZATION_LEVEL = "-Onone";
			};
			name = Debug;
		};
		70102BEC293164D600E8E99B /* Release */ = {
			isa = XCBuildConfiguration;
			buildSettings = {
				ALWAYS_SEARCH_USER_PATHS = NO;
				CLANG_ANALYZER_NONNULL = YES;
				CLANG_ANALYZER_NUMBER_OBJECT_CONVERSION = YES_AGGRESSIVE;
				CLANG_CXX_LANGUAGE_STANDARD = "gnu++20";
				CLANG_ENABLE_MODULES = YES;
				CLANG_ENABLE_OBJC_ARC = YES;
				CLANG_ENABLE_OBJC_WEAK = YES;
				CLANG_WARN_BLOCK_CAPTURE_AUTORELEASING = YES;
				CLANG_WARN_BOOL_CONVERSION = YES;
				CLANG_WARN_COMMA = YES;
				CLANG_WARN_CONSTANT_CONVERSION = YES;
				CLANG_WARN_DEPRECATED_OBJC_IMPLEMENTATIONS = YES;
				CLANG_WARN_DIRECT_OBJC_ISA_USAGE = YES_ERROR;
				CLANG_WARN_DOCUMENTATION_COMMENTS = YES;
				CLANG_WARN_EMPTY_BODY = YES;
				CLANG_WARN_ENUM_CONVERSION = YES;
				CLANG_WARN_INFINITE_RECURSION = YES;
				CLANG_WARN_INT_CONVERSION = YES;
				CLANG_WARN_NON_LITERAL_NULL_CONVERSION = YES;
				CLANG_WARN_OBJC_IMPLICIT_RETAIN_SELF = YES;
				CLANG_WARN_OBJC_LITERAL_CONVERSION = YES;
				CLANG_WARN_OBJC_ROOT_CLASS = YES_ERROR;
				CLANG_WARN_QUOTED_INCLUDE_IN_FRAMEWORK_HEADER = YES;
				CLANG_WARN_RANGE_LOOP_ANALYSIS = YES;
				CLANG_WARN_STRICT_PROTOTYPES = YES;
				CLANG_WARN_SUSPICIOUS_MOVE = YES;
				CLANG_WARN_UNGUARDED_AVAILABILITY = YES_AGGRESSIVE;
				CLANG_WARN_UNREACHABLE_CODE = YES;
				CLANG_WARN__DUPLICATE_METHOD_MATCH = YES;
				COPY_PHASE_STRIP = NO;
				DEBUG_INFORMATION_FORMAT = "dwarf-with-dsym";
				ENABLE_NS_ASSERTIONS = NO;
				ENABLE_STRICT_OBJC_MSGSEND = YES;
				GCC_C_LANGUAGE_STANDARD = gnu11;
				GCC_NO_COMMON_BLOCKS = YES;
				GCC_WARN_64_TO_32_BIT_CONVERSION = YES;
				GCC_WARN_ABOUT_RETURN_TYPE = YES_ERROR;
				GCC_WARN_UNDECLARED_SELECTOR = YES;
				GCC_WARN_UNINITIALIZED_AUTOS = YES_AGGRESSIVE;
				GCC_WARN_UNUSED_FUNCTION = YES;
				GCC_WARN_UNUSED_VARIABLE = YES;
				IPHONEOS_DEPLOYMENT_TARGET = 16.0;
				MTL_ENABLE_DEBUG_INFO = NO;
				MTL_FAST_MATH = YES;
				SDKROOT = iphoneos;
				SWIFT_COMPILATION_MODE = wholemodule;
				SWIFT_OPTIMIZATION_LEVEL = "-O";
				VALIDATE_PRODUCT = YES;
			};
			name = Release;
		};
		70102BEE293164D600E8E99B /* Debug */ = {
			isa = XCBuildConfiguration;
			buildSettings = {
				ASSETCATALOG_COMPILER_APPICON_NAME = AppIcon;
				ASSETCATALOG_COMPILER_GLOBAL_ACCENT_COLOR_NAME = AccentColor;
				CODE_SIGN_STYLE = Automatic;
				CURRENT_PROJECT_VERSION = 1;
				DEVELOPMENT_ASSET_PATHS = "\"PassNetwork/Preview Content\"";
				DEVELOPMENT_TEAM = 6URE3UAR5H;
				ENABLE_PREVIEWS = YES;
				GENERATE_INFOPLIST_FILE = YES;
				INFOPLIST_KEY_UIApplicationSceneManifest_Generation = YES;
				INFOPLIST_KEY_UIApplicationSupportsIndirectInputEvents = YES;
				INFOPLIST_KEY_UILaunchScreen_Generation = YES;
				INFOPLIST_KEY_UISupportedInterfaceOrientations_iPad = "UIInterfaceOrientationPortrait UIInterfaceOrientationPortraitUpsideDown UIInterfaceOrientationLandscapeLeft UIInterfaceOrientationLandscapeRight";
				INFOPLIST_KEY_UISupportedInterfaceOrientations_iPhone = "UIInterfaceOrientationPortrait UIInterfaceOrientationLandscapeLeft UIInterfaceOrientationLandscapeRight";
				IPHONEOS_DEPLOYMENT_TARGET = 14.0;
				LD_RUNPATH_SEARCH_PATHS = (
					"$(inherited)",
					"@executable_path/Frameworks",
				);
				MARKETING_VERSION = 1.0;
				PRODUCT_BUNDLE_IDENTIFIER = com.hoorad.PassNetwork;
				PRODUCT_NAME = "$(TARGET_NAME)";
				SWIFT_EMIT_LOC_STRINGS = YES;
				SWIFT_VERSION = 5.0;
				TARGETED_DEVICE_FAMILY = "1,2";
			};
			name = Debug;
		};
		70102BEF293164D600E8E99B /* Release */ = {
			isa = XCBuildConfiguration;
			buildSettings = {
				ASSETCATALOG_COMPILER_APPICON_NAME = AppIcon;
				ASSETCATALOG_COMPILER_GLOBAL_ACCENT_COLOR_NAME = AccentColor;
				CODE_SIGN_STYLE = Automatic;
				CURRENT_PROJECT_VERSION = 1;
				DEVELOPMENT_ASSET_PATHS = "\"PassNetwork/Preview Content\"";
				DEVELOPMENT_TEAM = 6URE3UAR5H;
				ENABLE_PREVIEWS = YES;
				GENERATE_INFOPLIST_FILE = YES;
				INFOPLIST_KEY_UIApplicationSceneManifest_Generation = YES;
				INFOPLIST_KEY_UIApplicationSupportsIndirectInputEvents = YES;
				INFOPLIST_KEY_UILaunchScreen_Generation = YES;
				INFOPLIST_KEY_UISupportedInterfaceOrientations_iPad = "UIInterfaceOrientationPortrait UIInterfaceOrientationPortraitUpsideDown UIInterfaceOrientationLandscapeLeft UIInterfaceOrientationLandscapeRight";
				INFOPLIST_KEY_UISupportedInterfaceOrientations_iPhone = "UIInterfaceOrientationPortrait UIInterfaceOrientationLandscapeLeft UIInterfaceOrientationLandscapeRight";
				IPHONEOS_DEPLOYMENT_TARGET = 14.0;
				LD_RUNPATH_SEARCH_PATHS = (
					"$(inherited)",
					"@executable_path/Frameworks",
				);
				MARKETING_VERSION = 1.0;
				PRODUCT_BUNDLE_IDENTIFIER = com.hoorad.PassNetwork;
				PRODUCT_NAME = "$(TARGET_NAME)";
				SWIFT_EMIT_LOC_STRINGS = YES;
				SWIFT_VERSION = 5.0;
				TARGETED_DEVICE_FAMILY = "1,2";
			};
			name = Release;
		};
		70102BF1293164D600E8E99B /* Debug */ = {
			isa = XCBuildConfiguration;
			buildSettings = {
				ALWAYS_EMBED_SWIFT_STANDARD_LIBRARIES = YES;
				BUNDLE_LOADER = "$(TEST_HOST)";
				CODE_SIGN_STYLE = Automatic;
				CURRENT_PROJECT_VERSION = 1;
				GENERATE_INFOPLIST_FILE = YES;
				IPHONEOS_DEPLOYMENT_TARGET = 16.0;
				MARKETING_VERSION = 1.0;
				PRODUCT_BUNDLE_IDENTIFIER = com.hoorad.PassNetworkTests;
				PRODUCT_NAME = "$(TARGET_NAME)";
				SWIFT_EMIT_LOC_STRINGS = NO;
				SWIFT_VERSION = 5.0;
				TARGETED_DEVICE_FAMILY = "1,2";
				TEST_HOST = "$(BUILT_PRODUCTS_DIR)/PassNetwork.app/$(BUNDLE_EXECUTABLE_FOLDER_PATH)/PassNetwork";
			};
			name = Debug;
		};
		70102BF2293164D600E8E99B /* Release */ = {
			isa = XCBuildConfiguration;
			buildSettings = {
				ALWAYS_EMBED_SWIFT_STANDARD_LIBRARIES = YES;
				BUNDLE_LOADER = "$(TEST_HOST)";
				CODE_SIGN_STYLE = Automatic;
				CURRENT_PROJECT_VERSION = 1;
				GENERATE_INFOPLIST_FILE = YES;
				IPHONEOS_DEPLOYMENT_TARGET = 16.0;
				MARKETING_VERSION = 1.0;
				PRODUCT_BUNDLE_IDENTIFIER = com.hoorad.PassNetworkTests;
				PRODUCT_NAME = "$(TARGET_NAME)";
				SWIFT_EMIT_LOC_STRINGS = NO;
				SWIFT_VERSION = 5.0;
				TARGETED_DEVICE_FAMILY = "1,2";
				TEST_HOST = "$(BUILT_PRODUCTS_DIR)/PassNetwork.app/$(BUNDLE_EXECUTABLE_FOLDER_PATH)/PassNetwork";
			};
			name = Release;
		};
		70102BF4293164D600E8E99B /* Debug */ = {
			isa = XCBuildConfiguration;
			buildSettings = {
				ALWAYS_EMBED_SWIFT_STANDARD_LIBRARIES = YES;
				CODE_SIGN_STYLE = Automatic;
				CURRENT_PROJECT_VERSION = 1;
				GENERATE_INFOPLIST_FILE = YES;
				MARKETING_VERSION = 1.0;
				PRODUCT_BUNDLE_IDENTIFIER = com.hoorad.PassNetworkUITests;
				PRODUCT_NAME = "$(TARGET_NAME)";
				SWIFT_EMIT_LOC_STRINGS = NO;
				SWIFT_VERSION = 5.0;
				TARGETED_DEVICE_FAMILY = "1,2";
				TEST_TARGET_NAME = PassNetwork;
			};
			name = Debug;
		};
		70102BF5293164D600E8E99B /* Release */ = {
			isa = XCBuildConfiguration;
			buildSettings = {
				ALWAYS_EMBED_SWIFT_STANDARD_LIBRARIES = YES;
				CODE_SIGN_STYLE = Automatic;
				CURRENT_PROJECT_VERSION = 1;
				GENERATE_INFOPLIST_FILE = YES;
				MARKETING_VERSION = 1.0;
				PRODUCT_BUNDLE_IDENTIFIER = com.hoorad.PassNetworkUITests;
				PRODUCT_NAME = "$(TARGET_NAME)";
				SWIFT_EMIT_LOC_STRINGS = NO;
				SWIFT_VERSION = 5.0;
				TARGETED_DEVICE_FAMILY = "1,2";
				TEST_TARGET_NAME = PassNetwork;
			};
			name = Release;
		};
/* End XCBuildConfiguration section */

/* Begin XCConfigurationList section */
		70102BBF293164D400E8E99B /* Build configuration list for PBXProject "PassNetwork" */ = {
			isa = XCConfigurationList;
			buildConfigurations = (
				70102BEB293164D600E8E99B /* Debug */,
				70102BEC293164D600E8E99B /* Release */,
			);
			defaultConfigurationIsVisible = 0;
			defaultConfigurationName = Release;
		};
		70102BED293164D600E8E99B /* Build configuration list for PBXNativeTarget "PassNetwork" */ = {
			isa = XCConfigurationList;
			buildConfigurations = (
				70102BEE293164D600E8E99B /* Debug */,
				70102BEF293164D600E8E99B /* Release */,
			);
			defaultConfigurationIsVisible = 0;
			defaultConfigurationName = Release;
		};
		70102BF0293164D600E8E99B /* Build configuration list for PBXNativeTarget "PassNetworkTests" */ = {
			isa = XCConfigurationList;
			buildConfigurations = (
				70102BF1293164D600E8E99B /* Debug */,
				70102BF2293164D600E8E99B /* Release */,
			);
			defaultConfigurationIsVisible = 0;
			defaultConfigurationName = Release;
		};
		70102BF3293164D600E8E99B /* Build configuration list for PBXNativeTarget "PassNetworkUITests" */ = {
			isa = XCConfigurationList;
			buildConfigurations = (
				70102BF4293164D600E8E99B /* Debug */,
				70102BF5293164D600E8E99B /* Release */,
			);
			defaultConfigurationIsVisible = 0;
			defaultConfigurationName = Release;
		};
/* End XCConfigurationList section */

/* Begin XCRemoteSwiftPackageReference section */
		70A881B92932886000531C05 /* XCRemoteSwiftPackageReference "NetworkPlugins" */ = {
			isa = XCRemoteSwiftPackageReference;
			repositoryURL = "https://github.com/ihoorados/NetworkPlugins.git";
			requirement = {
				branch = main;
				kind = branch;
			};
		};
		70F49A3D2939388000BE608D /* XCRemoteSwiftPackageReference "swift-composable-architecture" */ = {
			isa = XCRemoteSwiftPackageReference;
			repositoryURL = "https://github.com/pointfreeco/swift-composable-architecture";
			requirement = {
				kind = upToNextMajorVersion;
				minimumVersion = 0.9.0;
			};
		};
/* End XCRemoteSwiftPackageReference section */

/* Begin XCSwiftPackageProductDependency section */
		70A881BA2932886000531C05 /* NetworkPlugins */ = {
			isa = XCSwiftPackageProductDependency;
			package = 70A881B92932886000531C05 /* XCRemoteSwiftPackageReference "NetworkPlugins" */;
			productName = NetworkPlugins;
		};
		70F49A4A293943F200BE608D /* ComposableArchitecture */ = {
			isa = XCSwiftPackageProductDependency;
			package = 70F49A3D2939388000BE608D /* XCRemoteSwiftPackageReference "swift-composable-architecture" */;
			productName = ComposableArchitecture;
		};
		70F49A4C293943F600BE608D /* Dependencies */ = {
			isa = XCSwiftPackageProductDependency;
			package = 70F49A3D2939388000BE608D /* XCRemoteSwiftPackageReference "swift-composable-architecture" */;
			productName = Dependencies;
		};
/* End XCSwiftPackageProductDependency section */

/* Begin XCVersionGroup section */
		70102BD2293164D600E8E99B /* PassNetwork.xcdatamodeld */ = {
			isa = XCVersionGroup;
			children = (
				70102BD3293164D600E8E99B /* PassNetwork.xcdatamodel */,
			);
			currentVersion = 70102BD3293164D600E8E99B /* PassNetwork.xcdatamodel */;
			path = PassNetwork.xcdatamodeld;
			sourceTree = "<group>";
			versionGroupType = wrapper.xcdatamodel;
		};
/* End XCVersionGroup section */
	};
	rootObject = 70102BBC293164D400E8E99B /* Project object */;
}
